
Microsoft Visual Studio Solution File, Format Version 12.00
# Visual Studio Version 17
VisualStudioVersion = 17.10.35004.147
MinimumVisualStudioVersion = 10.0.40219.1
Project("{9A19103F-16F7-4668-BE54-9A1E7A4F7556}") = "OsuServerLoader", "OsuServerLoader\OsuServerLoader.csproj", "{C710F349-6610-4A75-9324-2F2D7A415E04}"
EndProject
Global
	GlobalSection(SolutionConfigurationPlatforms) = preSolution
		Debug|ARM64 = Debug|ARM64
		Debug|x64 = Debug|x64
		Debug|x86 = Debug|x86
		Release|ARM64 = Release|ARM64
		Release|x64 = Release|x64
		Release|x86 = Release|x86
	EndGlobalSection
	GlobalSection(ProjectConfigurationPlatforms) = postSolution
		{C710F349-6610-4A75-9324-2F2D7A415E04}.Debug|ARM64.ActiveCfg = Debug|ARM64
		{C710F349-6610-4A75-9324-2F2D7A415E04}.Debug|ARM64.Build.0 = Debug|ARM64
		{C710F349-6610-4A75-9324-2F2D7A415E04}.Debug|ARM64.Deploy.0 = Debug|ARM64
		{C710F349-6610-4A75-9324-2F2D7A415E04}.Debug|x64.ActiveCfg = Debug|x64
		{C710F349-6610-4A75-9324-2F2D7A415E04}.Debug|x64.Build.0 = Debug|x64
		{C710F349-6610-4A75-9324-2F2D7A415E04}.Debug|x64.Deploy.0 = Debug|x64
		{C710F349-6610-4A75-9324-2F2D7A415E04}.Debug|x86.ActiveCfg = Debug|x86
		{C710F349-6610-4A75-9324-2F2D7A415E04}.Debug|x86.Build.0 = Debug|x86
		{C710F349-6610-4A75-9324-2F2D7A415E04}.Debug|x86.Deploy.0 = Debug|x86
		{C710F349-6610-4A75-9324-2F2D7A415E04}.Release|ARM64.ActiveCfg = Release|ARM64
		{C710F349-6610-4A75-9324-2F2D7A415E04}.Release|ARM64.Build.0 = Release|ARM64
		{C710F349-6610-4A75-9324-2F2D7A415E04}.Release|ARM64.Deploy.0 = Release|ARM64
		{C710F349-6610-4A75-9324-2F2D7A415E04}.Release|x64.ActiveCfg = Release|x64
		{C710F349-6610-4A75-9324-2F2D7A415E04}.Release|x64.Build.0 = Release|x64
		{C710F349-6610-4A75-9324-2F2D7A415E04}.Release|x64.Deploy.0 = Release|x64
		{C710F349-6610-4A75-9324-2F2D7A415E04}.Release|x86.ActiveCfg = Release|x86
		{C710F349-6610-4A75-9324-2F2D7A415E04}.Release|x86.Build.0 = Release|x86
		{C710F349-6610-4A75-9324-2F2D7A415E04}.Release|x86.Deploy.0 = Release|x86
	EndGlobalSection
	GlobalSection(SolutionProperties) = preSolution
		HideSolutionNode = FALSE
	EndGlobalSection
	GlobalSection(ExtensibilityGlobals) = postSolution
		SolutionGuid = {3039BBB3-3EC5-4C52-9C48-0BE847FD4D97}
	EndGlobalSection
EndGlobal
